
Microsoft Visual Studio Solution File, Format Version 9.00
# Visual Studio 2005
# SharpDevelop 2.1.0.2429
Project("{FAE04EC0-301F-11D3-BF4B-00C04F79EFBC}") = "VMI", "VMI.csproj", "{F4BB4CFF-998B-40F9-905D-126AEA386201}"
EndProject
Global
	GlobalSection(SolutionConfigurationPlatforms) = preSolution
		Debug|Any CPU = Debug|Any CPU
		Release|Any CPU = Release|Any CPU
	EndGlobalSection
	GlobalSection(ProjectConfigurationPlatforms) = postSolution
		{F4BB4CFF-998B-40F9-905D-126AEA386201}.Debug|Any CPU.Build.0 = Debug|Any CPU
		{F4BB4CFF-998B-40F9-905D-126AEA386201}.Debug|Any CPU.ActiveCfg = Debug|Any CPU
		{F4BB4CFF-998B-40F9-905D-126AEA386201}.Release|Any CPU.Build.0 = Release|Any CPU
		{F4BB4CFF-998B-40F9-905D-126AEA386201}.Release|Any CPU.ActiveCfg = Release|Any CPU
	EndGlobalSection
EndGlobal
